
Microsoft Visual Studio Solution File, Format Version 12.00
# Visual Studio Version 17
VisualStudioVersion = 17.14.36408.4 d17.14
MinimumVisualStudioVersion = 10.0.40219.1
Project("{FAE04EC0-301F-11D3-BF4B-00C04F79EFBC}") = "SkillSync.Api", "SkillSync.Api.csproj", "{0B4C319D-2C33-4FC2-A243-066ECF343480}"
EndProject
Global
	GlobalSection(SolutionConfigurationPlatforms) = preSolution
		Debug|Any CPU = Debug|Any CPU
		Release|Any CPU = Release|Any CPU
	EndGlobalSection
	GlobalSection(ProjectConfigurationPlatforms) = postSolution
		{0B4C319D-2C33-4FC2-A243-066ECF343480}.Debug|Any CPU.ActiveCfg = Debug|Any CPU
		{0B4C319D-2C33-4FC2-A243-066ECF343480}.Debug|Any CPU.Build.0 = Debug|Any CPU
		{0B4C319D-2C33-4FC2-A243-066ECF343480}.Release|Any CPU.ActiveCfg = Release|Any CPU
		{0B4C319D-2C33-4FC2-A243-066ECF343480}.Release|Any CPU.Build.0 = Release|Any CPU
	EndGlobalSection
	GlobalSection(SolutionProperties) = preSolution
		HideSolutionNode = FALSE
	EndGlobalSection
	GlobalSection(ExtensibilityGlobals) = postSolution
		SolutionGuid = {003071A3-D521-4554-9D8A-1E1541FF8526}
	EndGlobalSection
EndGlobal
